
Microsoft Visual Studio Solution File, Format Version 12.00
# Visual Studio Version 16
VisualStudioVersion = 16.0.34031.81
MinimumVisualStudioVersion = 10.0.40219.1
Project("{2150E333-8FDC-42A3-9474-1A3956D46DE8}") = "Task0", "Task0", "{D3774BF8-4A49-4D01-BAF3-6B66F88A1BFB}"
EndProject
Project("{FAE04EC0-301F-11D3-BF4B-00C04F79EFBC}") = "Tyuiu.NovruzovaMR.Sprint0.Task0.V0", "Tyuiu.NovrzovaMR.Sprint0.Task0.V0\Tyuiu.NovruzovaMR.Sprint0.Task0.V0.csproj", "{06F2C992-1225-4C8C-A5A0-77AF65B4E95B}"
EndProject
Project("{2150E333-8FDC-42A3-9474-1A3956D46DE8}") = "Task1", "Task1", "{6E55F4C2-1D41-4840-9352-2A4A81C9B0A4}"
EndProject
Project("{FAE04EC0-301F-11D3-BF4B-00C04F79EFBC}") = "Tyuiu.NovruzovaMR.Sprint0.Task1.V0", "Tyuiu.NovruzovaMR.Sprint0.Task1.V0\Tyuiu.NovruzovaMR.Sprint0.Task1.V0.csproj", "{077B37CA-7AA7-4568-BC4D-DF98ADBCEF2C}"
EndProject
Project("{2150E333-8FDC-42A3-9474-1A3956D46DE8}") = "Task2", "Task2", "{1B9432BC-52A1-4019-9F07-FC21272C17E5}"
EndProject
Project("{FAE04EC0-301F-11D3-BF4B-00C04F79EFBC}") = "Tyuiu.NovruzovaMR.Sprint0.Task2.V0", "Tyuiu.NovruzovaMR.Sprint0.Task2.V0\Tyuiu.NovruzovaMR.Sprint0.Task2.V0.csproj", "{99E118A5-7881-4B4B-B26C-B2FD32678DFB}"
EndProject
Project("{FAE04EC0-301F-11D3-BF4B-00C04F79EFBC}") = "Tyuiu.NovruzovaMR.Sprint0.Task2.V0.Lib", "Tyuiu.NovruzovaMR.Sprint0.Task1.V0.Lib\Tyuiu.NovruzovaMR.Sprint0.Task2.V0.Lib.csproj", "{39D016FD-31F3-4E27-B09F-916F45BC7D28}"
EndProject
Project("{FAE04EC0-301F-11D3-BF4B-00C04F79EFBC}") = "Tyuiu.NovruzovaMR.Sprint0.Task2.V0.Test", "Tyuiu.NovruzovaMR.Sprint0.Task1.V0.Test\Tyuiu.NovruzovaMR.Sprint0.Task2.V0.Test.csproj", "{54393E55-42E9-4DF9-9868-3CAAA0D9A516}"
EndProject
Project("{2150E333-8FDC-42A3-9474-1A3956D46DE8}") = "Task3", "Task3", "{E3FC1333-E404-43D3-88F4-93AC83CCC705}"
EndProject
Project("{FAE04EC0-301F-11D3-BF4B-00C04F79EFBC}") = "Tyuiu.NovruzovaMR.Sprint0.Task3.V0", "Tyuiu.NovruzovaMR.Sprint0.Task3.V0\Tyuiu.NovruzovaMR.Sprint0.Task3.V0.csproj", "{EF05692B-5457-4DC4-9BBA-F14F95C13839}"
EndProject
Project("{FAE04EC0-301F-11D3-BF4B-00C04F79EFBC}") = "Tyuiu.NovruzovaMR.Sprint0.Task3.V0.Lib", "Tyuiu.NovruzovaMR.Sprint0.Task3.V0.Lib\Tyuiu.NovruzovaMR.Sprint0.Task3.V0.Lib.csproj", "{6EDD9C52-ED26-4515-A341-EA405A26FCC9}"
EndProject
Project("{FAE04EC0-301F-11D3-BF4B-00C04F79EFBC}") = "Tyuiu.NovruzovaMR.Sprint0.Task3.V0.Test", "Tyuiu.NovruzovaMR.Sprint0.Task3.V0.Test\Tyuiu.NovruzovaMR.Sprint0.Task3.V0.Test.csproj", "{679B7165-7D6E-40A1-AFD8-295A82EE64FE}"
EndProject
Project("{2150E333-8FDC-42A3-9474-1A3956D46DE8}") = "Task4", "Task4", "{4BA10A67-206E-445D-8E5C-3F7F93EF4DBF}"
EndProject
Project("{FAE04EC0-301F-11D3-BF4B-00C04F79EFBC}") = "Tyuiu.NovruzovaMR.Sprint0.Task4.V0", "Tyuiu.NovruzovaMR.Sprint0.Task4.V0\Tyuiu.NovruzovaMR.Sprint0.Task4.V0.csproj", "{66B7C194-6586-48B8-9E66-D0A33D27D6E2}"
EndProject
Project("{FAE04EC0-301F-11D3-BF4B-00C04F79EFBC}") = "Tyuiu.NovruzovaMR.Sprint0.Task4.V0.Lib", "Tyuiu.NovruzovaMR.Sprint0.Task4.V0.Lib\Tyuiu.NovruzovaMR.Sprint0.Task4.V0.Lib.csproj", "{7912E9B5-187F-41D7-A2C2-4BF287D9D75D}"
EndProject
Project("{FAE04EC0-301F-11D3-BF4B-00C04F79EFBC}") = "Tyuiu.NovruzovaMR.Sprint0.Task4.V0.Test", "Tyuiu.NovruzovaMR.Sprint0.Task4.V0.Test\Tyuiu.NovruzovaMR.Sprint0.Task4.V0.Test.csproj", "{FAA59013-74E4-4579-AD73-17003952585B}"
EndProject
Project("{2150E333-8FDC-42A3-9474-1A3956D46DE8}") = "Task5", "Task5", "{14B465C7-8D60-44D3-A920-CE034B110A24}"
EndProject
Project("{FAE04EC0-301F-11D3-BF4B-00C04F79EFBC}") = "Tyuiu.NovruzovaMR.Sprint0.Task5.V0", "Tyuiu.NovruzovaMR.Sprint0.Task5.V0\Tyuiu.NovruzovaMR.Sprint0.Task5.V0.csproj", "{0B50E41B-8331-41B9-B610-8B17B9194159}"
EndProject
Project("{FAE04EC0-301F-11D3-BF4B-00C04F79EFBC}") = "Tyuiu.NovruzovaMR.Sprint0.Task5.V0.Lib", "Tyuiu.NovruzovaMR.Sprint0.Task5.V0.Lib\Tyuiu.NovruzovaMR.Sprint0.Task5.V0.Lib.csproj", "{8C52F000-C0A2-4F6F-B971-D8E10BC41D8A}"
EndProject
Project("{FAE04EC0-301F-11D3-BF4B-00C04F79EFBC}") = "Tyuiu.NovruzovaMR.Sprint0.Task5.V0.Test", "Tyuiu.NovruzovaMR.Sprint0.Task5.V0.Test\Tyuiu.NovruzovaMR.Sprint0.Task5.V0.Test.csproj", "{241F7309-1FD5-4E8F-977C-2481A8929CCF}"
EndProject
Project("{2150E333-8FDC-42A3-9474-1A3956D46DE8}") = "Task6", "Task6", "{965CC5C4-2207-482A-A370-FA5EB1369218}"
EndProject
Project("{FAE04EC0-301F-11D3-BF4B-00C04F79EFBC}") = "Tyuiu.NovruzovaMR.Sprint0.Task6.V0", "Tyuiu.NovruzovaMR.Sprint0.Task6.V0\Tyuiu.NovruzovaMR.Sprint0.Task6.V0.csproj", "{80652854-915A-4792-A778-D25FA91D4350}"
EndProject
Project("{FAE04EC0-301F-11D3-BF4B-00C04F79EFBC}") = "Tyuiu.NovruzovaMR.Sprint0.Task6.V0.Lib", "Tyuiu.NovruzovaMR.Sprint0.Task6.V0.Lib\Tyuiu.NovruzovaMR.Sprint0.Task6.V0.Lib.csproj", "{99785434-3FA2-44A3-BAFC-1AAE0AD355FE}"
EndProject
Project("{FAE04EC0-301F-11D3-BF4B-00C04F79EFBC}") = "Tyuiu.NovruzovaMR.Sprint0.Task6.V0.Test", "Tyuiu.NovruzovaMR.Sprint0.Task6.V0.Test\Tyuiu.NovruzovaMR.Sprint0.Task6.V0.Test.csproj", "{9F78ED6A-5431-42F0-B656-70CAB680B575}"
EndProject
Global
	GlobalSection(SolutionConfigurationPlatforms) = preSolution
		Debug|Any CPU = Debug|Any CPU
		Release|Any CPU = Release|Any CPU
	EndGlobalSection
	GlobalSection(ProjectConfigurationPlatforms) = postSolution
		{06F2C992-1225-4C8C-A5A0-77AF65B4E95B}.Debug|Any CPU.ActiveCfg = Debug|Any CPU
		{06F2C992-1225-4C8C-A5A0-77AF65B4E95B}.Debug|Any CPU.Build.0 = Debug|Any CPU
		{06F2C992-1225-4C8C-A5A0-77AF65B4E95B}.Release|Any CPU.ActiveCfg = Release|Any CPU
		{06F2C992-1225-4C8C-A5A0-77AF65B4E95B}.Release|Any CPU.Build.0 = Release|Any CPU
		{077B37CA-7AA7-4568-BC4D-DF98ADBCEF2C}.Debug|Any CPU.ActiveCfg = Debug|Any CPU
		{077B37CA-7AA7-4568-BC4D-DF98ADBCEF2C}.Debug|Any CPU.Build.0 = Debug|Any CPU
		{077B37CA-7AA7-4568-BC4D-DF98ADBCEF2C}.Release|Any CPU.ActiveCfg = Release|Any CPU
		{077B37CA-7AA7-4568-BC4D-DF98ADBCEF2C}.Release|Any CPU.Build.0 = Release|Any CPU
		{99E118A5-7881-4B4B-B26C-B2FD32678DFB}.Debug|Any CPU.ActiveCfg = Debug|Any CPU
		{99E118A5-7881-4B4B-B26C-B2FD32678DFB}.Debug|Any CPU.Build.0 = Debug|Any CPU
		{99E118A5-7881-4B4B-B26C-B2FD32678DFB}.Release|Any CPU.ActiveCfg = Release|Any CPU
		{99E118A5-7881-4B4B-B26C-B2FD32678DFB}.Release|Any CPU.Build.0 = Release|Any CPU
		{39D016FD-31F3-4E27-B09F-916F45BC7D28}.Debug|Any CPU.ActiveCfg = Debug|Any CPU
		{39D016FD-31F3-4E27-B09F-916F45BC7D28}.Debug|Any CPU.Build.0 = Debug|Any CPU
		{39D016FD-31F3-4E27-B09F-916F45BC7D28}.Release|Any CPU.ActiveCfg = Release|Any CPU
		{39D016FD-31F3-4E27-B09F-916F45BC7D28}.Release|Any CPU.Build.0 = Release|Any CPU
		{54393E55-42E9-4DF9-9868-3CAAA0D9A516}.Debug|Any CPU.ActiveCfg = Debug|Any CPU
		{54393E55-42E9-4DF9-9868-3CAAA0D9A516}.Debug|Any CPU.Build.0 = Debug|Any CPU
		{54393E55-42E9-4DF9-9868-3CAAA0D9A516}.Release|Any CPU.ActiveCfg = Release|Any CPU
		{54393E55-42E9-4DF9-9868-3CAAA0D9A516}.Release|Any CPU.Build.0 = Release|Any CPU
		{EF05692B-5457-4DC4-9BBA-F14F95C13839}.Debug|Any CPU.ActiveCfg = Debug|Any CPU
		{EF05692B-5457-4DC4-9BBA-F14F95C13839}.Debug|Any CPU.Build.0 = Debug|Any CPU
		{EF05692B-5457-4DC4-9BBA-F14F95C13839}.Release|Any CPU.ActiveCfg = Release|Any CPU
		{EF05692B-5457-4DC4-9BBA-F14F95C13839}.Release|Any CPU.Build.0 = Release|Any CPU
		{6EDD9C52-ED26-4515-A341-EA405A26FCC9}.Debug|Any CPU.ActiveCfg = Debug|Any CPU
		{6EDD9C52-ED26-4515-A341-EA405A26FCC9}.Debug|Any CPU.Build.0 = Debug|Any CPU
		{6EDD9C52-ED26-4515-A341-EA405A26FCC9}.Release|Any CPU.ActiveCfg = Release|Any CPU
		{6EDD9C52-ED26-4515-A341-EA405A26FCC9}.Release|Any CPU.Build.0 = Release|Any CPU
		{679B7165-7D6E-40A1-AFD8-295A82EE64FE}.Debug|Any CPU.ActiveCfg = Debug|Any CPU
		{679B7165-7D6E-40A1-AFD8-295A82EE64FE}.Debug|Any CPU.Build.0 = Debug|Any CPU
		{679B7165-7D6E-40A1-AFD8-295A82EE64FE}.Release|Any CPU.ActiveCfg = Release|Any CPU
		{679B7165-7D6E-40A1-AFD8-295A82EE64FE}.Release|Any CPU.Build.0 = Release|Any CPU
		{66B7C194-6586-48B8-9E66-D0A33D27D6E2}.Debug|Any CPU.ActiveCfg = Debug|Any CPU
		{66B7C194-6586-48B8-9E66-D0A33D27D6E2}.Debug|Any CPU.Build.0 = Debug|Any CPU
		{66B7C194-6586-48B8-9E66-D0A33D27D6E2}.Release|Any CPU.ActiveCfg = Release|Any CPU
		{66B7C194-6586-48B8-9E66-D0A33D27D6E2}.Release|Any CPU.Build.0 = Release|Any CPU
		{7912E9B5-187F-41D7-A2C2-4BF287D9D75D}.Debug|Any CPU.ActiveCfg = Debug|Any CPU
		{7912E9B5-187F-41D7-A2C2-4BF287D9D75D}.Debug|Any CPU.Build.0 = Debug|Any CPU
		{7912E9B5-187F-41D7-A2C2-4BF287D9D75D}.Release|Any CPU.ActiveCfg = Release|Any CPU
		{7912E9B5-187F-41D7-A2C2-4BF287D9D75D}.Release|Any CPU.Build.0 = Release|Any CPU
		{FAA59013-74E4-4579-AD73-17003952585B}.Debug|Any CPU.ActiveCfg = Debug|Any CPU
		{FAA59013-74E4-4579-AD73-17003952585B}.Debug|Any CPU.Build.0 = Debug|Any CPU
		{FAA59013-74E4-4579-AD73-17003952585B}.Release|Any CPU.ActiveCfg = Release|Any CPU
		{FAA59013-74E4-4579-AD73-17003952585B}.Release|Any CPU.Build.0 = Release|Any CPU
		{0B50E41B-8331-41B9-B610-8B17B9194159}.Debug|Any CPU.ActiveCfg = Debug|Any CPU
		{0B50E41B-8331-41B9-B610-8B17B9194159}.Debug|Any CPU.Build.0 = Debug|Any CPU
		{0B50E41B-8331-41B9-B610-8B17B9194159}.Release|Any CPU.ActiveCfg = Release|Any CPU
		{0B50E41B-8331-41B9-B610-8B17B9194159}.Release|Any CPU.Build.0 = Release|Any CPU
		{8C52F000-C0A2-4F6F-B971-D8E10BC41D8A}.Debug|Any CPU.ActiveCfg = Debug|Any CPU
		{8C52F000-C0A2-4F6F-B971-D8E10BC41D8A}.Debug|Any CPU.Build.0 = Debug|Any CPU
		{8C52F000-C0A2-4F6F-B971-D8E10BC41D8A}.Release|Any CPU.ActiveCfg = Release|Any CPU
		{8C52F000-C0A2-4F6F-B971-D8E10BC41D8A}.Release|Any CPU.Build.0 = Release|Any CPU
		{241F7309-1FD5-4E8F-977C-2481A8929CCF}.Debug|Any CPU.ActiveCfg = Debug|Any CPU
		{241F7309-1FD5-4E8F-977C-2481A8929CCF}.Debug|Any CPU.Build.0 = Debug|Any CPU
		{241F7309-1FD5-4E8F-977C-2481A8929CCF}.Release|Any CPU.ActiveCfg = Release|Any CPU
		{241F7309-1FD5-4E8F-977C-2481A8929CCF}.Release|Any CPU.Build.0 = Release|Any CPU
		{80652854-915A-4792-A778-D25FA91D4350}.Debug|Any CPU.ActiveCfg = Debug|Any CPU
		{80652854-915A-4792-A778-D25FA91D4350}.Debug|Any CPU.Build.0 = Debug|Any CPU
		{80652854-915A-4792-A778-D25FA91D4350}.Release|Any CPU.ActiveCfg = Release|Any CPU
		{80652854-915A-4792-A778-D25FA91D4350}.Release|Any CPU.Build.0 = Release|Any CPU
		{99785434-3FA2-44A3-BAFC-1AAE0AD355FE}.Debug|Any CPU.ActiveCfg = Debug|Any CPU
		{99785434-3FA2-44A3-BAFC-1AAE0AD355FE}.Debug|Any CPU.Build.0 = Debug|Any CPU
		{99785434-3FA2-44A3-BAFC-1AAE0AD355FE}.Release|Any CPU.ActiveCfg = Release|Any CPU
		{99785434-3FA2-44A3-BAFC-1AAE0AD355FE}.Release|Any CPU.Build.0 = Release|Any CPU
		{9F78ED6A-5431-42F0-B656-70CAB680B575}.Debug|Any CPU.ActiveCfg = Debug|Any CPU
		{9F78ED6A-5431-42F0-B656-70CAB680B575}.Debug|Any CPU.Build.0 = Debug|Any CPU
		{9F78ED6A-5431-42F0-B656-70CAB680B575}.Release|Any CPU.ActiveCfg = Release|Any CPU
		{9F78ED6A-5431-42F0-B656-70CAB680B575}.Release|Any CPU.Build.0 = Release|Any CPU
	EndGlobalSection
	GlobalSection(SolutionProperties) = preSolution
		HideSolutionNode = FALSE
	EndGlobalSection
	GlobalSection(NestedProjects) = preSolution
		{06F2C992-1225-4C8C-A5A0-77AF65B4E95B} = {D3774BF8-4A49-4D01-BAF3-6B66F88A1BFB}
		{077B37CA-7AA7-4568-BC4D-DF98ADBCEF2C} = {6E55F4C2-1D41-4840-9352-2A4A81C9B0A4}
		{99E118A5-7881-4B4B-B26C-B2FD32678DFB} = {1B9432BC-52A1-4019-9F07-FC21272C17E5}
		{39D016FD-31F3-4E27-B09F-916F45BC7D28} = {1B9432BC-52A1-4019-9F07-FC21272C17E5}
		{54393E55-42E9-4DF9-9868-3CAAA0D9A516} = {1B9432BC-52A1-4019-9F07-FC21272C17E5}
		{EF05692B-5457-4DC4-9BBA-F14F95C13839} = {E3FC1333-E404-43D3-88F4-93AC83CCC705}
		{6EDD9C52-ED26-4515-A341-EA405A26FCC9} = {E3FC1333-E404-43D3-88F4-93AC83CCC705}
		{679B7165-7D6E-40A1-AFD8-295A82EE64FE} = {E3FC1333-E404-43D3-88F4-93AC83CCC705}
		{66B7C194-6586-48B8-9E66-D0A33D27D6E2} = {4BA10A67-206E-445D-8E5C-3F7F93EF4DBF}
		{7912E9B5-187F-41D7-A2C2-4BF287D9D75D} = {4BA10A67-206E-445D-8E5C-3F7F93EF4DBF}
		{FAA59013-74E4-4579-AD73-17003952585B} = {4BA10A67-206E-445D-8E5C-3F7F93EF4DBF}
		{0B50E41B-8331-41B9-B610-8B17B9194159} = {14B465C7-8D60-44D3-A920-CE034B110A24}
		{8C52F000-C0A2-4F6F-B971-D8E10BC41D8A} = {14B465C7-8D60-44D3-A920-CE034B110A24}
		{241F7309-1FD5-4E8F-977C-2481A8929CCF} = {14B465C7-8D60-44D3-A920-CE034B110A24}
		{80652854-915A-4792-A778-D25FA91D4350} = {965CC5C4-2207-482A-A370-FA5EB1369218}
		{99785434-3FA2-44A3-BAFC-1AAE0AD355FE} = {965CC5C4-2207-482A-A370-FA5EB1369218}
		{9F78ED6A-5431-42F0-B656-70CAB680B575} = {965CC5C4-2207-482A-A370-FA5EB1369218}
	EndGlobalSection
	GlobalSection(ExtensibilityGlobals) = postSolution
		SolutionGuid = {8A91356C-1CA4-45B5-B669-6CB658EDCE24}
	EndGlobalSection
EndGlobal
